version = 1
revision = 3
requires-python = ">=3.12"
resolution-markers = [
    "python_full_version >= '3.13'",
    "python_full_version < '3.13'",
]

[[package]]
name = "annotated-types"
version = "0.7.0"
source = { registry = "https://pypi.org/simple" }
sdist = { url = "https://files.pythonhosted.org/packages/ee/67/531ea369ba64dcff5ec9c3402f9f51bf748cec26dde048a2f973a4eea7f5/annotated_types-0.7.0.tar.gz", hash = "sha256:aff07c09a53a08bc8cfccb9c85b05f1aa9a2a6f23728d790723543408344ce89", size = 16081, upload-time = "2024-05-20T21:33:25.928Z" }
wheels = [
    { url = "https://files.pythonhosted.org/packages/78/b6/6307fbef88d9b5ee7421e68d78a9f162e0da4900bc5f5793f6d3d0e34fb8/annotated_types-0.7.0-py3-none-any.whl", hash = "sha256:1f02e8b43a8fbbc3f3e0d4f0f4bfc8131bcb4eebe8849b8e5c773f3a1c582a53", size = 13643, upload-time = "2024-05-20T21:33:24.1Z" },
]

[[package]]
name = "anyio"
version = "4.12.1"
source = { registry = "https://pypi.org/simple" }
dependencies = [
    { name = "idna" },
    { name = "typing-extensions", marker = "python_full_version < '3.13'" },
]
sdist = { url = "https://files.pythonhosted.org/packages/96/f0/5eb65b2bb0d09ac6776f2eb54adee6abe8228ea05b20a5ad0e4945de8aac/anyio-4.12.1.tar.gz", hash = "sha256:41cfcc3a4c85d3f05c932da7c26d0201ac36f72abd4435ba90d0464a3ffed703", size = 228685, upload-time = "2026-01-06T11:45:21.246Z" }
wheels = [
    { url = "https://files.pythonhosted.org/packages/38/0e/27be9fdef66e72d64c0cdc3cc2823101b80585f8119b5c112c2e8f5f7dab/anyio-4.12.1-py3-none-any.whl", hash = "sha256:d405828884fc140aa80a3c667b8beed277f1dfedec42ba031bd6ac3db606ab6c", size = 113592, upload-time = "2026-01-06T11:45:19.497Z" },
]

[[package]]
name = "app"
version = "0.1.0"
source = { virtual = "." }
dependencies = [
    { name = "email-validator" },
    { name = "fastapi" },
    { name = "httpx" },
    { name = "pydantic" },
    { name = "python-dotenv" },
]

[package.metadata]
requires-dist = [
    { name = "email-validator", specifier = ">=2.0.0" },
    { name = "fastapi", specifier = "==0.115.0" },
    { name = "httpx", specifier = "==0.27.0" },
    { name = "pydantic", specifier = "==2.9.0" },
    { name = "python-dotenv", specifier = "==1.0.1" },
]

[[package]]
name = "certifi"
version = "2026.5.20"
source = { registry = "https://pypi.org/simple" }
sdist = { url = "https://files.pythonhosted.org/packages/f3/ce/ee2ecad540810a79593028e88299baeae54d346cc7a0d94b6199988b89b1/certifi-2026.5.20.tar.gz", hash = "sha256:69dea482ab64caa7b9f6aba1c6bf48bb6a5448d1c0f1b17ab42ad8c763a5344d", size = 135422, upload-time = "2026-05-20T11:46:50.073Z" }
wheels = [
    { url = "https://files.pythonhosted.org/packages/59/8c/57e832b7af6d7c5abe66eb3fbe3a3a32f4d11ea23a1aa7131371035be991/certifi-2026.5.20-py3-none-any.whl", hash = "sha256:3c52e209ba0a4ad7aebe60436a4ab349c39e1e602e8c134221e546902ad25897", size = 134134, upload-time = "2026-05-20T11:46:48.578Z" },
]

[[package]]
name = "dnspython"
version = "2.7.0"
source = { registry = "https://pypi.org/simple" }
sdist = { url = "https://files.pythonhosted.org/packages/b5/4a/263763cb2ba3816dd94b08ad3a33d5fdae34ecb856678773cc40a3605829/dnspython-2.7.0.tar.gz", hash = "sha256:ce9c432eda0dc91cf618a5cedf1a4e142651196bbcd2c80e89ed5a907e5cfaf1", size = 345197, upload-time = "2024-10-05T20:14:59.362Z" }
wheels = [
    { url = "https://files.pythonhosted.org/packages/68/1b/e0a87d256e40e8c888847551b20a017a6b98139178505dc7ffb96f04e954/dnspython-2.7.0-py3-none-any.whl", hash = "sha256:b4c34b7d10b51bcc3a5071e7b8dee77939f1e878477eeecc965e9835f63c6c86", size = 313632, upload-time = "2024-10-05T20:14:57.687Z" },
]

[[package]]
name = "email-validator"
version = "2.3.0"
source = { registry = "https://pypi.org/simple" }
dependencies = [
    { name = "dnspython" },
    { name = "idna" },
]
sdist = { url = "https://files.pythonhosted.org/packages/f5/22/900cb125c76b7aaa450ce02fd727f452243f2e91a61af068b40adba60ea9/email_validator-2.3.0.tar.gz", hash = "sha256:9fc05c37f2f6cf439ff414f8fc46d917929974a82244c20eb10231ba60c54426", size = 51238, upload-time = "2025-08-26T13:09:06.831Z" }
wheels = [
    { url = "https://files.pythonhosted.org/packages/de/15/545e2b6cf2e3be84bc1ed85613edd75b8aea69807a71c26f4ca6a9258e82/email_validator-2.3.0-py3-none-any.whl", hash = "sha256:80f13f623413e6b197ae73bb10bf4eb0908faf509ad8362c5edeb0be7fd450b4", size = 35604, upload-time = "2025-08-26T13:09:05.858Z" },
]

[[package]]
name = "fastapi"
version = "0.115.0"
source = { registry = "https://pypi.org/simple" }
dependencies = [
    { name = "pydantic" },
    { name = "starlette" },
    { name = "typing-extensions" },
]
sdist = { url = "https://files.pythonhosted.org/packages/7b/5e/bf0471f14bf6ebfbee8208148a3396d1a23298531a6cc10776c59f4c0f87/fastapi-0.115.0.tar.gz", hash = "sha256:f93b4ca3529a8ebc6fc3fcf710e5efa8de3df9b41570958abf1d97d843138004", size = 302295, upload-time = "2024-09-17T19:18:12.674Z" }
wheels = [
    { url = "https://files.pythonhosted.org/packages/06/ab/a1f7eed031aeb1c406a6e9d45ca04bff401c8a25a30dd0e4fd2caae767c3/fastapi-0.115.0-py3-none-any.whl", hash = "sha256:17ea427674467486e997206a5ab25760f6b09e069f099b96f5b55a32fb6f1631", size = 94625, upload-time = "2024-09-17T19:18:10.962Z" },
]

[[package]]
name = "h11"
version = "0.16.0"
source = { registry = "https://pypi.org/simple" }
sdist = { url = "https://files.pythonhosted.org/packages/01/ee/02a2c011bdab74c6fb3c75474d40b3052059d95df7e73351460c8588d963/h11-0.16.0.tar.gz", hash = "sha256:4e35b956cf45792e4caa5885e69fba00bdbc6ffafbfa020300e549b208ee5ff1", size = 101250, upload-time = "2025-04-24T03:35:25.427Z" }
wheels = [
    { url = "https://files.pythonhosted.org/packages/04/4b/29cac41a4d98d144bf5f6d33995617b185d14b22401f75ca86f384e87ff1/h11-0.16.0-py3-none-any.whl", hash = "sha256:63cf8bbe7522de3bf65932fda1d9c2772064ffb3dae62d55932da54b31cb6c86", size = 37515, upload-time = "2025-04-24T03:35:24.344Z" },
]

[[package]]
name = "httpcore"
version = "1.0.9"
source = { registry = "https://pypi.org/simple" }
dependencies = [
    { name = "certifi" },
    { name = "h11" },
]
sdist = { url = "https://files.pythonhosted.org/packages/06/94/82699a10bca87a5556c9c59b5963f2d039dbd239f25bc2a63907a05a14cb/httpcore-1.0.9.tar.gz", hash = "sha256:6e34463af53fd2ab5d807f399a9b45ea31c3dfa2276f15a2c3f00afff6e176e8", size = 85484, upload-time = "2025-04-24T22:06:22.219Z" }
wheels = [
    { url = "https://files.pythonhosted.org/packages/7e/f5/f66802a942d491edb555dd61e3a9961140fd64c90bce1eafd741609d334d/httpcore-1.0.9-py3-none-any.whl", hash = "sha256:2d400746a40668fc9dec9810239072b40b4484b640a8c38fd654a024c7a1bf55", size = 78784, upload-time = "2025-04-24T22:06:20.566Z" },
]

[[package]]
name = "httpx"
version = "0.27.0"
source = { registry = "https://pypi.org/simple" }
dependencies = [
    { name = "anyio" },
    { name = "certifi" },
    { name = "httpcore" },
    { name = "idna" },
    { name = "sniffio" },
]
sdist = { url = "https://files.pythonhosted.org/packages/5c/2d/3da5bdf4408b8b2800061c339f240c1802f2e82d55e50bd39c5a881f47f0/httpx-0.27.0.tar.gz", hash = "sha256:a0cb88a46f32dc874e04ee956e4c2764aba2aa228f650b06788ba6bda2962ab5", size = 126413, upload-time = "2024-02-21T13:07:52.434Z" }
wheels = [
    { url = "https://files.pythonhosted.org/packages/41/7b/ddacf6dcebb42466abd03f368782142baa82e08fc0c1f8eaa05b4bae87d5/httpx-0.27.0-py3-none-any.whl", hash = "sha256:71d5465162c13681bff01ad59b2cc68dd838ea1f10e51574bac27103f00c91a5", size = 75590, upload-time = "2024-02-21T13:07:50.455Z" },
]

[[package]]
name = "idna"
version = "3.18"
source = { registry = "https://pypi.org/simple" }
sdist = { url = "https://files.pythonhosted.org/packages/cd/63/9496c57188a2ee585e0f1db071d75089a11e98aa86eb99d9d7618fc1edce/idna-3.18.tar.gz", hash = "sha256:ffb385a7e039654cef1ab9ef32c6fafe283c0c0467bba1d9029738ce4a14a848", size = 196711, upload-time = "2026-06-02T14:34:07.794Z" }
wheels = [
    { url = "https://files.pythonhosted.org/packages/1e/5e/d4e9f1a599fb8e573b7b87160658329fbf28d19eac2718f51fc3def3aa5a/idna-3.18-py3-none-any.whl", hash = "sha256:7f952cbe720b688055e3f87de14f5c3e5fdaa8bc3928985c4077ca689de849a2", size = 65455, upload-time = "2026-06-02T14:34:06.319Z" },
]

[[package]]
name = "pydantic"
version = "2.9.0"
source = { registry = "https://pypi.org/simple" }
dependencies = [
    { name = "annotated-types" },
    { name = "pydantic-core" },
    { name = "typing-extensions" },
    { name = "tzdata" },
]
sdist = { url = "https://files.pythonhosted.org/packages/f6/8f/3b9f7a38caa3fa0bcb3cea7ee9958e89a9a6efc0e6f51fd6096f24cac140/pydantic-2.9.0.tar.gz", hash = "sha256:c7a8a9fdf7d100afa49647eae340e2d23efa382466a8d177efcd1381e9be5598", size = 768298, upload-time = "2024-09-05T16:23:49.719Z" }
wheels = [
    { url = "https://files.pythonhosted.org/packages/54/38/95bdb5dfcebad2c11c88f7aa2d635fe53a0b7405ef39a6850c8bced455d4/pydantic-2.9.0-py3-none-any.whl", hash = "sha256:f66a7073abd93214a20c5f7b32d56843137a7a2e70d02111f3be287035c45370", size = 434325, upload-time = "2024-09-05T16:23:47.683Z" },
]

[[package]]
name = "pydantic-core"
version = "2.23.2"
source = { registry = "https://pypi.org/simple" }
dependencies = [
    { name = "typing-extensions" },
]
sdist = { url = "https://files.pythonhosted.org/packages/5f/03/54e4961dfaed4804fea0ad73e94d337f4ef88a635e73990d6e150b469594/pydantic_core-2.23.2.tar.gz", hash = "sha256:95d6bf449a1ac81de562d65d180af5d8c19672793c81877a2eda8fde5d08f2fd", size = 401901, upload-time = "2024-09-05T15:20:21.616Z" }
wheels = [
    { url = "https://files.pythonhosted.org/packages/8f/54/9c202171aca4a9f6596e1e2a6572ff7d707e2383a40605533c61487714a2/pydantic_core-2.23.2-cp312-cp312-macosx_10_12_x86_64.whl", hash = "sha256:4c83c64d05ffbbe12d4e8498ab72bdb05bcc1026340a4a597dc647a13c1605ec", size = 1845364, upload-time = "2024-09-05T15:18:12.911Z" },
    { url = "https://files.pythonhosted.org/packages/9e/e3/5c29d8fa6dfabd7809fe623fd17959e1b672410681a8c3811eefa42b8051/pydantic_core-2.23.2-cp312-cp312-macosx_11_0_arm64.whl", hash = "sha256:6294907eaaccf71c076abdd1c7954e272efa39bb043161b4b8aa1cd76a16ce43", size = 1784382, upload-time = "2024-09-05T15:18:14.361Z" },
    { url = "https://files.pythonhosted.org/packages/79/c3/4b003c9ed0f5f5e559823802ee7a3921de8aa50892bf179535d7695b2e76/pydantic_core-2.23.2-cp312-cp312-manylinux_2_17_aarch64.manylinux2014_aarch64.whl", hash = "sha256:4a801c5e1e13272e0909c520708122496647d1279d252c9e6e07dac216accc41", size = 1791189, upload-time = "2024-09-05T15:18:15.936Z" },
    { url = "https://files.pythonhosted.org/packages/3f/3b/0c0377c5833093a1758e711387bbe5a5e30511fe9d4afe225be185527aa1/pydantic_core-2.23.2-cp312-cp312-manylinux_2_17_armv7l.manylinux2014_armv7l.whl", hash = "sha256:cc0c316fba3ce72ac3ab7902a888b9dc4979162d320823679da270c2d9ad0cad", size = 1780431, upload-time = "2024-09-05T15:18:17.364Z" },
    { url = "https://files.pythonhosted.org/packages/4a/88/18a541e2f9cbcef4b44b90a2ba98d85e109d91bc7f3b2210d271f66e6d8f/pydantic_core-2.23.2-cp312-cp312-manylinux_2_17_ppc64le.manylinux2014_ppc64le.whl", hash = "sha256:6b06c5d4e8701ac2ba99a2ef835e4e1b187d41095a9c619c5b185c9068ed2a49", size = 1976902, upload-time = "2024-09-05T15:18:19.952Z" },
    { url = "https://files.pythonhosted.org/packages/e3/bd/6c98ca605130ee51438d812133d04ddb403fb1a8a93490f9a1a7e269a4a7/pydantic_core-2.23.2-cp312-cp312-manylinux_2_17_s390x.manylinux2014_s390x.whl", hash = "sha256:82764c0bd697159fe9947ad59b6db6d7329e88505c8f98990eb07e84cc0a5d81", size = 2638882, upload-time = "2024-09-05T15:18:21.603Z" },
    { url = "https://files.pythonhosted.org/packages/ad/fc/6b4f95c64bbeadaa6f84cffb51f469f6fdd61215d97b4ec8d89d027e574b/pydantic_core-2.23.2-cp312-cp312-manylinux_2_17_x86_64.manylinux2014_x86_64.whl", hash = "sha256:2b1a195efd347ede8bcf723e932300292eb13a9d2a3c1f84eb8f37cbbc905b7f", size = 2111180, upload-time = "2024-09-05T15:18:23.153Z" },
    { url = "https://files.pythonhosted.org/packages/95/4c/d4a355237ffa3dae28c2224bea9e09d4af69f346bf7611ebb66d8e930574/pydantic_core-2.23.2-cp312-cp312-manylinux_2_5_i686.manylinux1_i686.whl", hash = "sha256:b7efb12e5071ad8d5b547487bdad489fbd4a5a35a0fc36a1941517a6ad7f23e0", size = 1904338, upload-time = "2024-09-05T15:18:25.154Z" },
    { url = "https://files.pythonhosted.org/packages/83/d6/9f41db9ab2727a050fdac5e56a9e792260aa29e29affa98b4df8a06fd588/pydantic_core-2.23.2-cp312-cp312-musllinux_1_1_aarch64.whl", hash = "sha256:5dd0ec5f514ed40e49bf961d49cf1bc2c72e9b50f29a163b2cc9030c6742aa73", size = 1968729, upload-time = "2024-09-05T15:18:28.065Z" },
    { url = "https://files.pythonhosted.org/packages/f8/bd/0e795ea5eaf26a96d9691faae43603e00de3dbec6339e3710652f5feae12/pydantic_core-2.23.2-cp312-cp312-musllinux_1_1_x86_64.whl", hash = "sha256:820f6ee5c06bc868335e3b6e42d7ef41f50dfb3ea32fbd523ab679d10d8741c0", size = 2120748, upload-time = "2024-09-05T15:18:29.58Z" },
    { url = "https://files.pythonhosted.org/packages/be/7d/48ddf9f084b5de1d47c6bcccfeafe80900ceac975ebdf1fe374fd18654e5/pydantic_core-2.23.2-cp312-none-win32.whl", hash = "sha256:3713dc093d5048bfaedbba7a8dbc53e74c44a140d45ede020dc347dda18daf3f", size = 1725557, upload-time = "2024-09-05T15:18:31.152Z" },
    { url = "https://files.pythonhosted.org/packages/e1/d7/ef3558714427b385f84e22a224c4641b4869f9031f733e83cea6f0eb0154/pydantic_core-2.23.2-cp312-none-win_amd64.whl", hash = "sha256:e1895e949f8849bc2757c0dbac28422a04be031204df46a56ab34bcf98507342", size = 1914466, upload-time = "2024-09-05T15:18:32.981Z" },
    { url = "https://files.pythonhosted.org/packages/91/42/085e27e5c32220531bbd966c2888c74a595ac35cd7e52a71d3302d041b71/pydantic_core-2.23.2-cp313-cp313-macosx_10_12_x86_64.whl", hash = "sha256:da43cbe593e3c87d07108d0ebd73771dc414488f1f91ed2e204b0370b94b37ac", size = 1845030, upload-time = "2024-09-05T15:18:34.747Z" },
    { url = "https://files.pythonhosted.org/packages/05/ac/3faf5fd29b221bb7c0aa4bc3fe1a763fb2d38b08d7b5961daeee96f13a8e/pydantic_core-2.23.2-cp313-cp313-macosx_11_0_arm64.whl", hash = "sha256:64d094ea1aa97c6ded4748d40886076a931a8bf6f61b6e43e4a1041769c39dd2", size = 1784493, upload-time = "2024-09-05T15:18:36.298Z" },
    { url = "https://files.pythonhosted.org/packages/83/52/cc692fc65098904a6bdb13cc502b590d0597718069a8ffa8bfdea680657c/pydantic_core-2.23.2-cp313-cp313-manylinux_2_17_aarch64.manylinux2014_aarch64.whl", hash = "sha256:084414ffe9a85a52940b49631321d636dadf3576c30259607b75516d131fecd0", size = 1791193, upload-time = "2024-09-05T15:18:38.085Z" },
    { url = "https://files.pythonhosted.org/packages/53/a9/d7be95020bf6a57ada1d5d18172369ad92e9779dccf9a497b22863d77dd8/pydantic_core-2.23.2-cp313-cp313-manylinux_2_17_armv7l.manylinux2014_armv7l.whl", hash = "sha256:043ef8469f72609c4c3a5e06a07a1f713d53df4d53112c6d49207c0bd3c3bd9b", size = 1780169, upload-time = "2024-09-05T15:18:39.762Z" },
    { url = "https://files.pythonhosted.org/packages/10/42/16bee4df87a315a8ae3962e5c2251612bced849e624f850e811a2e6097da/pydantic_core-2.23.2-cp313-cp313-manylinux_2_17_ppc64le.manylinux2014_ppc64le.whl", hash = "sha256:3649bd3ae6a8ebea7dc381afb7f3c6db237fc7cebd05c8ac36ca8a4187b03b30", size = 1976946, upload-time = "2024-09-05T15:18:41.504Z" },
    { url = "https://files.pythonhosted.org/packages/f8/04/8be7280cf309c256bd9fa124fbe15f730b9659ee87d89a40b7da14c6818f/pydantic_core-2.23.2-cp313-cp313-manylinux_2_17_s390x.manylinux2014_s390x.whl", hash = "sha256:6db09153d8438425e98cdc9a289c5fade04a5d2128faff8f227c459da21b9703", size = 2638776, upload-time = "2024-09-05T15:18:43.272Z" },
    { url = "https://files.pythonhosted.org/packages/24/7b/e102b2073b08b36f78d7336859fe8d09e7483eded849cf12bd3db66f441d/pydantic_core-2.23.2-cp313-cp313-manylinux_2_17_x86_64.manylinux2014_x86_64.whl", hash = "sha256:5668b3173bb0b2e65020b60d83f5910a7224027232c9f5dc05a71a1deac9f960", size = 2110994, upload-time = "2024-09-05T15:18:45.021Z" },
    { url = "https://files.pythonhosted.org/packages/90/29/ba00e3e262597203ae95c5eb81d02ce96afcda26b6960484b376a1e5ac59/pydantic_core-2.23.2-cp313-cp313-manylinux_2_5_i686.manylinux1_i686.whl", hash = "sha256:1c7b81beaf7c7ebde978377dc53679c6cba0e946426fc7ade54251dfe24a7604", size = 1904219, upload-time = "2024-09-05T15:18:46.68Z" },
    { url = "https://files.pythonhosted.org/packages/4b/ef/3899865e9f2e30b79c1ed9498a71898f33b1ca2a08f3b1619eaee754aa85/pydantic_core-2.23.2-cp313-cp313-musllinux_1_1_aarch64.whl", hash = "sha256:ae579143826c6f05a361d9546446c432a165ecf1c0b720bbfd81152645cb897d", size = 1968804, upload-time = "2024-09-05T15:18:49.163Z" },
    { url = "https://files.pythonhosted.org/packages/19/e9/69742d9c71d08251184584c2b99d436490c78f7487840e588394b1ce97a9/pydantic_core-2.23.2-cp313-cp313-musllinux_1_1_x86_64.whl", hash = "sha256:19f1352fe4b248cae22a89268720fc74e83f008057a652894f08fa931e77dced", size = 2120574, upload-time = "2024-09-05T15:18:50.998Z" },
    { url = "https://files.pythonhosted.org/packages/5c/fc/7f89094bf3a645fb5b312b6ae907f3b04b6e0d1e37f6eb4c057276d80703/pydantic_core-2.23.2-cp313-none-win32.whl", hash = "sha256:e1a79ad49f346aa1a2921f31e8dbbab4d64484823e813a002679eaa46cba39e1", size = 1725472, upload-time = "2024-09-05T15:18:52.703Z" },
    { url = "https://files.pythonhosted.org/packages/43/13/39f4b60884174a95c69e3dd196c77a1757c3857841f2567d240bcbd1cf0f/pydantic_core-2.23.2-cp313-none-win_amd64.whl", hash = "sha256:582871902e1902b3c8e9b2c347f32a792a07094110c1bca6c2ea89b90150caac", size = 1914614, upload-time = "2024-09-05T15:18:54.463Z" },
]

[[package]]
name = "python-dotenv"
version = "1.0.1"
source = { registry = "https://pypi.org/simple" }
sdist = { url = "https://files.pythonhosted.org/packages/bc/57/e84d88dfe0aec03b7a2d4327012c1627ab5f03652216c63d49846d7a6c58/python-dotenv-1.0.1.tar.gz", hash = "sha256:e324ee90a023d808f1959c46bcbc04446a10ced277783dc6ee09987c37ec10ca", size = 39115, upload-time = "2024-01-23T06:33:00.505Z" }
wheels = [
    { url = "https://files.pythonhosted.org/packages/6a/3e/b68c118422ec867fa7ab88444e1274aa40681c606d59ac27de5a5588f082/python_dotenv-1.0.1-py3-none-any.whl", hash = "sha256:f7b63ef50f1b690dddf550d03497b66d609393b40b564ed0d674909a68ebf16a", size = 19863, upload-time = "2024-01-23T06:32:58.246Z" },
]

[[package]]
name = "sniffio"
version = "1.3.1"
source = { registry = "https://pypi.org/simple" }
sdist = { url = "https://files.pythonhosted.org/packages/a2/87/a6771e1546d97e7e041b6ae58d80074f81b7d5121207425c964ddf5cfdbd/sniffio-1.3.1.tar.gz", hash = "sha256:f4324edc670a0f49750a81b895f35c3adb843cca46f0530f79fc1babb23789dc", size = 20372, upload-time = "2024-02-25T23:20:04.057Z" }
wheels = [
    { url = "https://files.pythonhosted.org/packages/e9/44/75a9c9421471a6c4805dbf2356f7c181a29c1879239abab1ea2cc8f38b40/sniffio-1.3.1-py3-none-any.whl", hash = "sha256:2f6da418d1f1e0fddd844478f41680e794e6051915791a034ff65e5f100525a2", size = 10235, upload-time = "2024-02-25T23:20:01.196Z" },
]

[[package]]
name = "starlette"
version = "0.38.6"
source = { registry = "https://pypi.org/simple" }
dependencies = [
    { name = "anyio" },
]
sdist = { url = "https://files.pythonhosted.org/packages/42/b4/e25c3b688ef703d85e55017c6edd0cbf38e5770ab748234363d54ff0251a/starlette-0.38.6.tar.gz", hash = "sha256:863a1588f5574e70a821dadefb41e4881ea451a47a3cd1b4df359d4ffefe5ead", size = 2569491, upload-time = "2024-09-22T17:01:45.422Z" }
wheels = [
    { url = "https://files.pythonhosted.org/packages/b7/9c/93f7bc03ff03199074e81974cc148908ead60dcf189f68ba1761a0ee35cf/starlette-0.38.6-py3-none-any.whl", hash = "sha256:4517a1409e2e73ee4951214ba012052b9e16f60e90d73cfb06192c19203bbb05", size = 71451, upload-time = "2024-09-22T17:01:43.076Z" },
]

[[package]]
name = "typing-extensions"
version = "4.15.0"
source = { registry = "https://pypi.org/simple" }
sdist = { url = "https://files.pythonhosted.org/packages/72/94/1a15dd82efb362ac84269196e94cf00f187f7ed21c242792a923cdb1c61f/typing_extensions-4.15.0.tar.gz", hash = "sha256:0cea48d173cc12fa28ecabc3b837ea3cf6f38c6d1136f85cbaaf598984861466", size = 109391, upload-time = "2025-08-25T13:49:26.313Z" }
wheels = [
    { url = "https://files.pythonhosted.org/packages/18/67/36e9267722cc04a6b9f15c7f3441c2363321a3ea07da7ae0c0707beb2a9c/typing_extensions-4.15.0-py3-none-any.whl", hash = "sha256:f0fa19c6845758ab08074a0cfa8b7aecb71c999ca73d62883bc25cc018c4e548", size = 44614, upload-time = "2025-08-25T13:49:24.86Z" },
]

[[package]]
name = "tzdata"
version = "2026.2"
source = { registry = "https://pypi.org/simple" }
sdist = { url = "https://files.pythonhosted.org/packages/ba/19/1b9b0e29f30c6d35cb345486df41110984ea67ae69dddbc0e8a100999493/tzdata-2026.2.tar.gz", hash = "sha256:9173fde7d80d9018e02a662e168e5a2d04f87c41ea174b139fbef642eda62d10", size = 198254, upload-time = "2026-04-24T15:22:08.651Z" }
wheels = [
    { url = "https://files.pythonhosted.org/packages/ce/e4/dccd7f47c4b64213ac01ef921a1337ee6e30e8c6466046018326977efd95/tzdata-2026.2-py2.py3-none-any.whl", hash = "sha256:bbe9af844f658da81a5f95019480da3a89415801f6cc966806612cc7169bffe7", size = 349321, upload-time = "2026-04-24T15:22:05.876Z" },
]
