version = 1
revision = 3
requires-python = "==3.12.*"

[[package]]
name = "annotated-types"
version = "0.7.0"
source = { registry = "https://pypi.org/simple" }
sdist = { url = "https://files.pythonhosted.org/packages/ee/67/531ea369ba64dcff5ec9c3402f9f51bf748cec26dde048a2f973a4eea7f5/annotated_types-0.7.0.tar.gz", hash = "sha256:aff07c09a53a08bc8cfccb9c85b05f1aa9a2a6f23728d790723543408344ce89", size = 16081, upload-time = "2024-05-20T21:33:25.928Z" }
wheels = [
    { url = "https://files.pythonhosted.org/packages/78/b6/6307fbef88d9b5ee7421e68d78a9f162e0da4900bc5f5793f6d3d0e34fb8/annotated_types-0.7.0-py3-none-any.whl", hash = "sha256:1f02e8b43a8fbbc3f3e0d4f0f4bfc8131bcb4eebe8849b8e5c773f3a1c582a53", size = 13643, upload-time = "2024-05-20T21:33:24.1Z" },
]

[[package]]
name = "anyio"
version = "4.12.1"
source = { registry = "https://pypi.org/simple" }
dependencies = [
    { name = "idna" },
    { name = "typing-extensions" },
]
sdist = { url = "https://files.pythonhosted.org/packages/96/f0/5eb65b2bb0d09ac6776f2eb54adee6abe8228ea05b20a5ad0e4945de8aac/anyio-4.12.1.tar.gz", hash = "sha256:41cfcc3a4c85d3f05c932da7c26d0201ac36f72abd4435ba90d0464a3ffed703", size = 228685, upload-time = "2026-01-06T11:45:21.246Z" }
wheels = [
    { url = "https://files.pythonhosted.org/packages/38/0e/27be9fdef66e72d64c0cdc3cc2823101b80585f8119b5c112c2e8f5f7dab/anyio-4.12.1-py3-none-any.whl", hash = "sha256:d405828884fc140aa80a3c667b8beed277f1dfedec42ba031bd6ac3db606ab6c", size = 113592, upload-time = "2026-01-06T11:45:19.497Z" },
]

[[package]]
name = "app"
version = "0.1.0"
source = { virtual = "." }
dependencies = [
    { name = "email-validator" },
    { name = "fastapi" },
    { name = "httpx" },
    { name = "pydantic" },
    { name = "python-dotenv" },
]

[package.metadata]
requires-dist = [
    { name = "email-validator", specifier = ">=2.0.0" },
    { name = "fastapi", specifier = "==0.115.0" },
    { name = "httpx", specifier = "==0.27.0" },
    { name = "pydantic", specifier = "==2.12.0" },
    { name = "python-dotenv", specifier = "==1.0.1" },
]

[[package]]
name = "certifi"
version = "2026.5.20"
source = { registry = "https://pypi.org/simple" }
sdist = { url = "https://files.pythonhosted.org/packages/f3/ce/ee2ecad540810a79593028e88299baeae54d346cc7a0d94b6199988b89b1/certifi-2026.5.20.tar.gz", hash = "sha256:69dea482ab64caa7b9f6aba1c6bf48bb6a5448d1c0f1b17ab42ad8c763a5344d", size = 135422, upload-time = "2026-05-20T11:46:50.073Z" }
wheels = [
    { url = "https://files.pythonhosted.org/packages/59/8c/57e832b7af6d7c5abe66eb3fbe3a3a32f4d11ea23a1aa7131371035be991/certifi-2026.5.20-py3-none-any.whl", hash = "sha256:3c52e209ba0a4ad7aebe60436a4ab349c39e1e602e8c134221e546902ad25897", size = 134134, upload-time = "2026-05-20T11:46:48.578Z" },
]

[[package]]
name = "dnspython"
version = "2.7.0"
source = { registry = "https://pypi.org/simple" }
sdist = { url = "https://files.pythonhosted.org/packages/b5/4a/263763cb2ba3816dd94b08ad3a33d5fdae34ecb856678773cc40a3605829/dnspython-2.7.0.tar.gz", hash = "sha256:ce9c432eda0dc91cf618a5cedf1a4e142651196bbcd2c80e89ed5a907e5cfaf1", size = 345197, upload-time = "2024-10-05T20:14:59.362Z" }
wheels = [
    { url = "https://files.pythonhosted.org/packages/68/1b/e0a87d256e40e8c888847551b20a017a6b98139178505dc7ffb96f04e954/dnspython-2.7.0-py3-none-any.whl", hash = "sha256:b4c34b7d10b51bcc3a5071e7b8dee77939f1e878477eeecc965e9835f63c6c86", size = 313632, upload-time = "2024-10-05T20:14:57.687Z" },
]

[[package]]
name = "email-validator"
version = "2.3.0"
source = { registry = "https://pypi.org/simple" }
dependencies = [
    { name = "dnspython" },
    { name = "idna" },
]
sdist = { url = "https://files.pythonhosted.org/packages/f5/22/900cb125c76b7aaa450ce02fd727f452243f2e91a61af068b40adba60ea9/email_validator-2.3.0.tar.gz", hash = "sha256:9fc05c37f2f6cf439ff414f8fc46d917929974a82244c20eb10231ba60c54426", size = 51238, upload-time = "2025-08-26T13:09:06.831Z" }
wheels = [
    { url = "https://files.pythonhosted.org/packages/de/15/545e2b6cf2e3be84bc1ed85613edd75b8aea69807a71c26f4ca6a9258e82/email_validator-2.3.0-py3-none-any.whl", hash = "sha256:80f13f623413e6b197ae73bb10bf4eb0908faf509ad8362c5edeb0be7fd450b4", size = 35604, upload-time = "2025-08-26T13:09:05.858Z" },
]

[[package]]
name = "fastapi"
version = "0.115.0"
source = { registry = "https://pypi.org/simple" }
dependencies = [
    { name = "pydantic" },
    { name = "starlette" },
    { name = "typing-extensions" },
]
sdist = { url = "https://files.pythonhosted.org/packages/7b/5e/bf0471f14bf6ebfbee8208148a3396d1a23298531a6cc10776c59f4c0f87/fastapi-0.115.0.tar.gz", hash = "sha256:f93b4ca3529a8ebc6fc3fcf710e5efa8de3df9b41570958abf1d97d843138004", size = 302295, upload-time = "2024-09-17T19:18:12.674Z" }
wheels = [
    { url = "https://files.pythonhosted.org/packages/06/ab/a1f7eed031aeb1c406a6e9d45ca04bff401c8a25a30dd0e4fd2caae767c3/fastapi-0.115.0-py3-none-any.whl", hash = "sha256:17ea427674467486e997206a5ab25760f6b09e069f099b96f5b55a32fb6f1631", size = 94625, upload-time = "2024-09-17T19:18:10.962Z" },
]

[[package]]
name = "h11"
version = "0.16.0"
source = { registry = "https://pypi.org/simple" }
sdist = { url = "https://files.pythonhosted.org/packages/01/ee/02a2c011bdab74c6fb3c75474d40b3052059d95df7e73351460c8588d963/h11-0.16.0.tar.gz", hash = "sha256:4e35b956cf45792e4caa5885e69fba00bdbc6ffafbfa020300e549b208ee5ff1", size = 101250, upload-time = "2025-04-24T03:35:25.427Z" }
wheels = [
    { url = "https://files.pythonhosted.org/packages/04/4b/29cac41a4d98d144bf5f6d33995617b185d14b22401f75ca86f384e87ff1/h11-0.16.0-py3-none-any.whl", hash = "sha256:63cf8bbe7522de3bf65932fda1d9c2772064ffb3dae62d55932da54b31cb6c86", size = 37515, upload-time = "2025-04-24T03:35:24.344Z" },
]

[[package]]
name = "httpcore"
version = "1.0.9"
source = { registry = "https://pypi.org/simple" }
dependencies = [
    { name = "certifi" },
    { name = "h11" },
]
sdist = { url = "https://files.pythonhosted.org/packages/06/94/82699a10bca87a5556c9c59b5963f2d039dbd239f25bc2a63907a05a14cb/httpcore-1.0.9.tar.gz", hash = "sha256:6e34463af53fd2ab5d807f399a9b45ea31c3dfa2276f15a2c3f00afff6e176e8", size = 85484, upload-time = "2025-04-24T22:06:22.219Z" }
wheels = [
    { url = "https://files.pythonhosted.org/packages/7e/f5/f66802a942d491edb555dd61e3a9961140fd64c90bce1eafd741609d334d/httpcore-1.0.9-py3-none-any.whl", hash = "sha256:2d400746a40668fc9dec9810239072b40b4484b640a8c38fd654a024c7a1bf55", size = 78784, upload-time = "2025-04-24T22:06:20.566Z" },
]

[[package]]
name = "httpx"
version = "0.27.0"
source = { registry = "https://pypi.org/simple" }
dependencies = [
    { name = "anyio" },
    { name = "certifi" },
    { name = "httpcore" },
    { name = "idna" },
    { name = "sniffio" },
]
sdist = { url = "https://files.pythonhosted.org/packages/5c/2d/3da5bdf4408b8b2800061c339f240c1802f2e82d55e50bd39c5a881f47f0/httpx-0.27.0.tar.gz", hash = "sha256:a0cb88a46f32dc874e04ee956e4c2764aba2aa228f650b06788ba6bda2962ab5", size = 126413, upload-time = "2024-02-21T13:07:52.434Z" }
wheels = [
    { url = "https://files.pythonhosted.org/packages/41/7b/ddacf6dcebb42466abd03f368782142baa82e08fc0c1f8eaa05b4bae87d5/httpx-0.27.0-py3-none-any.whl", hash = "sha256:71d5465162c13681bff01ad59b2cc68dd838ea1f10e51574bac27103f00c91a5", size = 75590, upload-time = "2024-02-21T13:07:50.455Z" },
]

[[package]]
name = "idna"
version = "3.18"
source = { registry = "https://pypi.org/simple" }
sdist = { url = "https://files.pythonhosted.org/packages/cd/63/9496c57188a2ee585e0f1db071d75089a11e98aa86eb99d9d7618fc1edce/idna-3.18.tar.gz", hash = "sha256:ffb385a7e039654cef1ab9ef32c6fafe283c0c0467bba1d9029738ce4a14a848", size = 196711, upload-time = "2026-06-02T14:34:07.794Z" }
wheels = [
    { url = "https://files.pythonhosted.org/packages/1e/5e/d4e9f1a599fb8e573b7b87160658329fbf28d19eac2718f51fc3def3aa5a/idna-3.18-py3-none-any.whl", hash = "sha256:7f952cbe720b688055e3f87de14f5c3e5fdaa8bc3928985c4077ca689de849a2", size = 65455, upload-time = "2026-06-02T14:34:06.319Z" },
]

[[package]]
name = "pydantic"
version = "2.12.0"
source = { registry = "https://pypi.org/simple" }
dependencies = [
    { name = "annotated-types" },
    { name = "pydantic-core" },
    { name = "typing-extensions" },
    { name = "typing-inspection" },
]
sdist = { url = "https://files.pythonhosted.org/packages/c3/da/b8a7ee04378a53f6fefefc0c5e05570a3ebfdfa0523a878bcd3b475683ee/pydantic-2.12.0.tar.gz", hash = "sha256:c1a077e6270dbfb37bfd8b498b3981e2bb18f68103720e51fa6c306a5a9af563", size = 814760, upload-time = "2025-10-07T15:58:03.467Z" }
wheels = [
    { url = "https://files.pythonhosted.org/packages/f4/9d/d5c855424e2e5b6b626fbc6ec514d8e655a600377ce283008b115abb7445/pydantic-2.12.0-py3-none-any.whl", hash = "sha256:f6a1da352d42790537e95e83a8bdfb91c7efbae63ffd0b86fa823899e807116f", size = 459730, upload-time = "2025-10-07T15:58:01.576Z" },
]

[[package]]
name = "pydantic-core"
version = "2.41.1"
source = { registry = "https://pypi.org/simple" }
dependencies = [
    { name = "typing-extensions" },
]
sdist = { url = "https://files.pythonhosted.org/packages/7d/14/12b4a0d2b0b10d8e1d9a24ad94e7bbb43335eaf29c0c4e57860e8a30734a/pydantic_core-2.41.1.tar.gz", hash = "sha256:1ad375859a6d8c356b7704ec0f547a58e82ee80bb41baa811ad710e124bc8f2f", size = 454870, upload-time = "2025-10-07T10:50:45.974Z" }
wheels = [
    { url = "https://files.pythonhosted.org/packages/ee/bc/5f520319ee1c9e25010412fac4154a72e0a40d0a19eb00281b1f200c0947/pydantic_core-2.41.1-cp312-cp312-macosx_10_12_x86_64.whl", hash = "sha256:db2f82c0ccbce8f021ad304ce35cbe02aa2f95f215cac388eed542b03b4d5eb4", size = 2099300, upload-time = "2025-10-06T21:10:30.463Z" },
    { url = "https://files.pythonhosted.org/packages/31/14/010cd64c5c3814fb6064786837ec12604be0dd46df3327cf8474e38abbbd/pydantic_core-2.41.1-cp312-cp312-macosx_11_0_arm64.whl", hash = "sha256:47694a31c710ced9205d5f1e7e8af3ca57cbb8a503d98cb9e33e27c97a501601", size = 1910179, upload-time = "2025-10-06T21:10:31.782Z" },
    { url = "https://files.pythonhosted.org/packages/8e/2e/23fc2a8a93efad52df302fdade0a60f471ecc0c7aac889801ac24b4c07d6/pydantic_core-2.41.1-cp312-cp312-manylinux_2_17_aarch64.manylinux2014_aarch64.whl", hash = "sha256:93e9decce94daf47baf9e9d392f5f2557e783085f7c5e522011545d9d6858e00", size = 1957225, upload-time = "2025-10-06T21:10:33.11Z" },
    { url = "https://files.pythonhosted.org/packages/b9/b6/6db08b2725b2432b9390844852e11d320281e5cea8a859c52c68001975fa/pydantic_core-2.41.1-cp312-cp312-manylinux_2_17_armv7l.manylinux2014_armv7l.whl", hash = "sha256:ab0adafdf2b89c8b84f847780a119437a0931eca469f7b44d356f2b426dd9741", size = 2053315, upload-time = "2025-10-06T21:10:34.87Z" },
    { url = "https://files.pythonhosted.org/packages/61/d9/4de44600f2d4514b44f3f3aeeda2e14931214b6b5bf52479339e801ce748/pydantic_core-2.41.1-cp312-cp312-manylinux_2_17_ppc64le.manylinux2014_ppc64le.whl", hash = "sha256:5da98cc81873f39fd56882e1569c4677940fbc12bce6213fad1ead784192d7c8", size = 2224298, upload-time = "2025-10-06T21:10:36.233Z" },
    { url = "https://files.pythonhosted.org/packages/7a/ae/dbe51187a7f35fc21b283c5250571a94e36373eb557c1cba9f29a9806dcf/pydantic_core-2.41.1-cp312-cp312-manylinux_2_17_s390x.manylinux2014_s390x.whl", hash = "sha256:209910e88afb01fd0fd403947b809ba8dba0e08a095e1f703294fda0a8fdca51", size = 2351797, upload-time = "2025-10-06T21:10:37.601Z" },
    { url = "https://files.pythonhosted.org/packages/b5/a7/975585147457c2e9fb951c7c8dab56deeb6aa313f3aa72c2fc0df3f74a49/pydantic_core-2.41.1-cp312-cp312-manylinux_2_17_x86_64.manylinux2014_x86_64.whl", hash = "sha256:365109d1165d78d98e33c5bfd815a9b5d7d070f578caefaabcc5771825b4ecb5", size = 2074921, upload-time = "2025-10-06T21:10:38.927Z" },
    { url = "https://files.pythonhosted.org/packages/62/37/ea94d1d0c01dec1b7d236c7cec9103baab0021f42500975de3d42522104b/pydantic_core-2.41.1-cp312-cp312-manylinux_2_5_i686.manylinux1_i686.whl", hash = "sha256:706abf21e60a2857acdb09502bc853ee5bce732955e7b723b10311114f033115", size = 2187767, upload-time = "2025-10-06T21:10:40.651Z" },
    { url = "https://files.pythonhosted.org/packages/d3/fe/694cf9fdd3a777a618c3afd210dba7b414cb8a72b1bd29b199c2e5765fee/pydantic_core-2.41.1-cp312-cp312-musllinux_1_1_aarch64.whl", hash = "sha256:bf0bd5417acf7f6a7ec3b53f2109f587be176cb35f9cf016da87e6017437a72d", size = 2136062, upload-time = "2025-10-06T21:10:42.09Z" },
    { url = "https://files.pythonhosted.org/packages/0f/ae/174aeabd89916fbd2988cc37b81a59e1186e952afd2a7ed92018c22f31ca/pydantic_core-2.41.1-cp312-cp312-musllinux_1_1_armv7l.whl", hash = "sha256:2e71b1c6ceb9c78424ae9f63a07292fb769fb890a4e7efca5554c47f33a60ea5", size = 2317819, upload-time = "2025-10-06T21:10:43.974Z" },
    { url = "https://files.pythonhosted.org/packages/65/e8/e9aecafaebf53fc456314f72886068725d6fba66f11b013532dc21259343/pydantic_core-2.41.1-cp312-cp312-musllinux_1_1_x86_64.whl", hash = "sha256:80745b9770b4a38c25015b517451c817799bfb9d6499b0d13d8227ec941cb513", size = 2312267, upload-time = "2025-10-06T21:10:45.34Z" },
    { url = "https://files.pythonhosted.org/packages/35/2f/1c2e71d2a052f9bb2f2df5a6a05464a0eb800f9e8d9dd800202fe31219e1/pydantic_core-2.41.1-cp312-cp312-win32.whl", hash = "sha256:83b64d70520e7890453f1aa21d66fda44e7b35f1cfea95adf7b4289a51e2b479", size = 1990927, upload-time = "2025-10-06T21:10:46.738Z" },
    { url = "https://files.pythonhosted.org/packages/b1/78/562998301ff2588b9c6dcc5cb21f52fa919d6e1decc75a35055feb973594/pydantic_core-2.41.1-cp312-cp312-win_amd64.whl", hash = "sha256:377defd66ee2003748ee93c52bcef2d14fde48fe28a0b156f88c3dbf9bc49a50", size = 2034703, upload-time = "2025-10-06T21:10:48.524Z" },
    { url = "https://files.pythonhosted.org/packages/b2/53/d95699ce5a5cdb44bb470bd818b848b9beadf51459fd4ea06667e8ede862/pydantic_core-2.41.1-cp312-cp312-win_arm64.whl", hash = "sha256:c95caff279d49c1d6cdfe2996e6c2ad712571d3b9caaa209a404426c326c4bde", size = 1972719, upload-time = "2025-10-06T21:10:50.256Z" },
    { url = "https://files.pythonhosted.org/packages/2b/3e/a51c5f5d37b9288ba30683d6e96f10fa8f1defad1623ff09f1020973b577/pydantic_core-2.41.1-graalpy312-graalpy250_312_native-macosx_10_12_x86_64.whl", hash = "sha256:b04fa9ed049461a7398138c604b00550bc89e3e1151d84b81ad6dc93e39c4c06", size = 2115344, upload-time = "2025-10-07T10:50:02.466Z" },
    { url = "https://files.pythonhosted.org/packages/5a/bd/389504c9e0600ef4502cd5238396b527afe6ef8981a6a15cd1814fc7b434/pydantic_core-2.41.1-graalpy312-graalpy250_312_native-macosx_11_0_arm64.whl", hash = "sha256:b3b7d9cfbfdc43c80a16638c6dc2768e3956e73031fca64e8e1a3ae744d1faeb", size = 1927994, upload-time = "2025-10-07T10:50:04.379Z" },
    { url = "https://files.pythonhosted.org/packages/ff/9c/5111c6b128861cb792a4c082677e90dac4f2e090bb2e2fe06aa5b2d39027/pydantic_core-2.41.1-graalpy312-graalpy250_312_native-manylinux_2_17_aarch64.manylinux2014_aarch64.whl", hash = "sha256:eec83fc6abef04c7f9bec616e2d76ee9a6a4ae2a359b10c21d0f680e24a247ca", size = 1959394, upload-time = "2025-10-07T10:50:06.335Z" },
    { url = "https://files.pythonhosted.org/packages/14/3f/cfec8b9a0c48ce5d64409ec5e1903cb0b7363da38f14b41de2fcb3712700/pydantic_core-2.41.1-graalpy312-graalpy250_312_native-manylinux_2_17_x86_64.manylinux2014_x86_64.whl", hash = "sha256:6771a2d9f83c4038dfad5970a3eef215940682b2175e32bcc817bdc639019b28", size = 2147365, upload-time = "2025-10-07T10:50:07.978Z" },
]

[[package]]
name = "python-dotenv"
version = "1.0.1"
source = { registry = "https://pypi.org/simple" }
sdist = { url = "https://files.pythonhosted.org/packages/bc/57/e84d88dfe0aec03b7a2d4327012c1627ab5f03652216c63d49846d7a6c58/python-dotenv-1.0.1.tar.gz", hash = "sha256:e324ee90a023d808f1959c46bcbc04446a10ced277783dc6ee09987c37ec10ca", size = 39115, upload-time = "2024-01-23T06:33:00.505Z" }
wheels = [
    { url = "https://files.pythonhosted.org/packages/6a/3e/b68c118422ec867fa7ab88444e1274aa40681c606d59ac27de5a5588f082/python_dotenv-1.0.1-py3-none-any.whl", hash = "sha256:f7b63ef50f1b690dddf550d03497b66d609393b40b564ed0d674909a68ebf16a", size = 19863, upload-time = "2024-01-23T06:32:58.246Z" },
]

[[package]]
name = "sniffio"
version = "1.3.1"
source = { registry = "https://pypi.org/simple" }
sdist = { url = "https://files.pythonhosted.org/packages/a2/87/a6771e1546d97e7e041b6ae58d80074f81b7d5121207425c964ddf5cfdbd/sniffio-1.3.1.tar.gz", hash = "sha256:f4324edc670a0f49750a81b895f35c3adb843cca46f0530f79fc1babb23789dc", size = 20372, upload-time = "2024-02-25T23:20:04.057Z" }
wheels = [
    { url = "https://files.pythonhosted.org/packages/e9/44/75a9c9421471a6c4805dbf2356f7c181a29c1879239abab1ea2cc8f38b40/sniffio-1.3.1-py3-none-any.whl", hash = "sha256:2f6da418d1f1e0fddd844478f41680e794e6051915791a034ff65e5f100525a2", size = 10235, upload-time = "2024-02-25T23:20:01.196Z" },
]

[[package]]
name = "starlette"
version = "0.38.6"
source = { registry = "https://pypi.org/simple" }
dependencies = [
    { name = "anyio" },
]
sdist = { url = "https://files.pythonhosted.org/packages/42/b4/e25c3b688ef703d85e55017c6edd0cbf38e5770ab748234363d54ff0251a/starlette-0.38.6.tar.gz", hash = "sha256:863a1588f5574e70a821dadefb41e4881ea451a47a3cd1b4df359d4ffefe5ead", size = 2569491, upload-time = "2024-09-22T17:01:45.422Z" }
wheels = [
    { url = "https://files.pythonhosted.org/packages/b7/9c/93f7bc03ff03199074e81974cc148908ead60dcf189f68ba1761a0ee35cf/starlette-0.38.6-py3-none-any.whl", hash = "sha256:4517a1409e2e73ee4951214ba012052b9e16f60e90d73cfb06192c19203bbb05", size = 71451, upload-time = "2024-09-22T17:01:43.076Z" },
]

[[package]]
name = "typing-extensions"
version = "4.15.0"
source = { registry = "https://pypi.org/simple" }
sdist = { url = "https://files.pythonhosted.org/packages/72/94/1a15dd82efb362ac84269196e94cf00f187f7ed21c242792a923cdb1c61f/typing_extensions-4.15.0.tar.gz", hash = "sha256:0cea48d173cc12fa28ecabc3b837ea3cf6f38c6d1136f85cbaaf598984861466", size = 109391, upload-time = "2025-08-25T13:49:26.313Z" }
wheels = [
    { url = "https://files.pythonhosted.org/packages/18/67/36e9267722cc04a6b9f15c7f3441c2363321a3ea07da7ae0c0707beb2a9c/typing_extensions-4.15.0-py3-none-any.whl", hash = "sha256:f0fa19c6845758ab08074a0cfa8b7aecb71c999ca73d62883bc25cc018c4e548", size = 44614, upload-time = "2025-08-25T13:49:24.86Z" },
]

[[package]]
name = "typing-inspection"
version = "0.4.2"
source = { registry = "https://pypi.org/simple" }
dependencies = [
    { name = "typing-extensions" },
]
sdist = { url = "https://files.pythonhosted.org/packages/55/e3/70399cb7dd41c10ac53367ae42139cf4b1ca5f36bb3dc6c9d33acdb43655/typing_inspection-0.4.2.tar.gz", hash = "sha256:ba561c48a67c5958007083d386c3295464928b01faa735ab8547c5692e87f464", size = 75949, upload-time = "2025-10-01T02:14:41.687Z" }
wheels = [
    { url = "https://files.pythonhosted.org/packages/dc/9b/47798a6c91d8bdb567fe2698fe81e0c6b7cb7ef4d13da4114b41d239f65d/typing_inspection-0.4.2-py3-none-any.whl", hash = "sha256:4ed1cacbdc298c220f1bd249ed5287caa16f34d44ef4e9c3d0cbad5b521545e7", size = 14611, upload-time = "2025-10-01T02:14:40.154Z" },
]
